
Microsoft Visual Studio Solution File, Format Version 12.00
# Visual Studio Version 17
VisualStudioVersion = 17.5.002.0
MinimumVisualStudioVersion = 10.0.40219.1
Project("{9A19103F-16F7-4668-BE54-9A1E7A4F7556}") = "ColorSpheres", "ColorSpheres.csproj", "{603782EA-9BB1-4770-9020-306712B3F6CC}"
EndProject
Global
	GlobalSection(SolutionConfigurationPlatforms) = preSolution
		Debug|Any CPU = Debug|Any CPU
		Release|Any CPU = Release|Any CPU
	EndGlobalSection
	GlobalSection(ProjectConfigurationPlatforms) = postSolution
		{603782EA-9BB1-4770-9020-306712B3F6CC}.Debug|Any CPU.ActiveCfg = Debug|Any CPU
		{603782EA-9BB1-4770-9020-306712B3F6CC}.Debug|Any CPU.Build.0 = Debug|Any CPU
		{603782EA-9BB1-4770-9020-306712B3F6CC}.Release|Any CPU.ActiveCfg = Release|Any CPU
		{603782EA-9BB1-4770-9020-306712B3F6CC}.Release|Any CPU.Build.0 = Release|Any CPU
	EndGlobalSection
	GlobalSection(SolutionProperties) = preSolution
		HideSolutionNode = FALSE
	EndGlobalSection
	GlobalSection(ExtensibilityGlobals) = postSolution
		SolutionGuid = {54D54B9C-5447-4DAC-83DC-8C589D4962F8}
	EndGlobalSection
EndGlobal
